Microsoft Visual Studio Solution File, Format Version 12.00
# Visual Studio 15
VisualStudioVersion = 15.0.27428.2015
MinimumVisualStudioVersion = 10.0.40219.1
Project("{FAE04EC0-301F-11D3-BF4B-00C04F79EFBC}") = "Robo", "Robo\Robo.csproj", "{4094E713-C72E-48A8-B14E-4D69D45FF251}"
EndProject
Global
	GlobalSection(SolutionConfigurationPlatforms) = preSolution
		Debug|Any CPU = Debug|Any CPU
		Release|Any CPU = Release|Any CPU
	EndGlobalSection
	GlobalSection(ProjectConfigurationPlatforms) = postSolution
		{4094E713-C72E-48A8-B14E-4D69D45FF251}.Debug|Any CPU.ActiveCfg = Debug|Any CPU
		{4094E713-C72E-48A8-B14E-4D69D45FF251}.Debug|Any CPU.Build.0 = Debug|Any CPU
		{4094E713-C72E-48A8-B14E-4D69D45FF251}.Release|Any CPU.ActiveCfg = Release|Any CPU
		{4094E713-C72E-48A8-B14E-4D69D45FF251}.Release|Any CPU.Build.0 = Release|Any CPU
	EndGlobalSection
	GlobalSection(SolutionProperties) = preSolution
		HideSolutionNode = FALSE
	EndGlobalSection
	GlobalSection(ExtensibilityGlobals) = postSolution
		SolutionGuid = {7C717656-DD53-4BD4-95EF-A133A26BF895}
	EndGlobalSection
	GlobalSection(MonoDevelopProperties) = preSolution
		Policies = $0
		$0.TextStylePolicy = $1
		$1.FileWidth = 150
		$1.TabWidth = 2
		$1.IndentWidth = 2
		$1.scope = text/x-csharp
		$0.CSharpFormattingPolicy = $2
		$2.scope = text/x-csharp
	EndGlobalSection
EndGlobal
